
Microsoft Visual Studio Solution File, Format Version 12.00
# Visual Studio 14
VisualStudioVersion = 14.0.25420.1
MinimumVisualStudioVersion = 10.0.40219.1
Project("{FAE04EC0-301F-11D3-BF4B-00C04F79EFBC}") = "TypeMap", "TypeMap.csproj", "{371F73E0-7BC0-41C0-9BDD-47F70ECF23E5}"
EndProject
Project("{FAE04EC0-301F-11D3-BF4B-00C04F79EFBC}") = "TypeMapUnitTests", "..\TypeMapUnitTests\TypeMapUnitTests.csproj", "{4C8DB8EF-91D4-4D99-A55B-D7576EB3D7CC}"
EndProject
Project("{FAE04EC0-301F-11D3-BF4B-00C04F79EFBC}") = "PerformanceTests", "..\LoadTests\PerformanceTests.csproj", "{CC887354-6439-4BFB-991D-B4EDECF8CBB7}"
EndProject
Global
	GlobalSection(SolutionConfigurationPlatforms) = preSolution
		Debug|Any CPU = Debug|Any CPU
		Release|Any CPU = Release|Any CPU
	EndGlobalSection
	GlobalSection(ProjectConfigurationPlatforms) = postSolution
		{371F73E0-7BC0-41C0-9BDD-47F70ECF23E5}.Debug|Any CPU.ActiveCfg = Debug|Any CPU
		{371F73E0-7BC0-41C0-9BDD-47F70ECF23E5}.Debug|Any CPU.Build.0 = Debug|Any CPU
		{371F73E0-7BC0-41C0-9BDD-47F70ECF23E5}.Release|Any CPU.ActiveCfg = Release|Any CPU
		{371F73E0-7BC0-41C0-9BDD-47F70ECF23E5}.Release|Any CPU.Build.0 = Release|Any CPU
		{4C8DB8EF-91D4-4D99-A55B-D7576EB3D7CC}.Debug|Any CPU.ActiveCfg = Debug|Any CPU
		{4C8DB8EF-91D4-4D99-A55B-D7576EB3D7CC}.Debug|Any CPU.Build.0 = Debug|Any CPU
		{4C8DB8EF-91D4-4D99-A55B-D7576EB3D7CC}.Release|Any CPU.ActiveCfg = Release|Any CPU
		{4C8DB8EF-91D4-4D99-A55B-D7576EB3D7CC}.Release|Any CPU.Build.0 = Release|Any CPU
		{CC887354-6439-4BFB-991D-B4EDECF8CBB7}.Debug|Any CPU.ActiveCfg = Debug|Any CPU
		{CC887354-6439-4BFB-991D-B4EDECF8CBB7}.Debug|Any CPU.Build.0 = Debug|Any CPU
		{CC887354-6439-4BFB-991D-B4EDECF8CBB7}.Release|Any CPU.ActiveCfg = Release|Any CPU
		{CC887354-6439-4BFB-991D-B4EDECF8CBB7}.Release|Any CPU.Build.0 = Release|Any CPU
	EndGlobalSection
	GlobalSection(SolutionProperties) = preSolution
		HideSolutionNode = FALSE
	EndGlobalSection
EndGlobal
